{
  "requires": true,
  "lockfileVersion": 1,
  "dependencies": {
    "url-search-params-polyfill": {
      "version": "5.0.1",
      "resolved": "http://registry.npm.taobao.org/url-search-params-polyfill/download/url-search-params-polyfill-5.0.1.tgz",
      "integrity": "sha1-zPXBDdVaXTG26o7AroFPmE+3KgY="
    }
  }
}
